{
  "lockfileVersion": 1,
  "workspaces": {
    "": {
      "dependencies": {
        "@wharfkit/antelope": "^1",
        "@wharfkit/contract": "^1",
      },
      "devDependencies": {
        "@types/bun": "latest",
        "typescript": "latest",
      },
    },
  },
  "packages": {
    "@types/bun": ["@types/bun@1.3.5", "", { "dependencies": { "bun-types": "1.3.5" } }, "sha512-RnygCqNrd3srIPEWBd5LFeUYG7plCoH2Yw9WaZGyNmdTEei+gWaHqydbaIRkIkcbXwhBT94q78QljxN0Sk838w=="],

    "@types/node": ["@types/node@25.0.3", "", { "dependencies": { "undici-types": "~7.16.0" } }, "sha512-W609buLVRVmeW693xKfzHeIV6nJGGz98uCPfeXI1ELMLXVeKYZ9m15fAMSaUPBHYLGFsVRcMmSCksQOrZV9BYA=="],

    "@wharfkit/abicache": ["@wharfkit/abicache@1.2.2", "", { "dependencies": { "@wharfkit/antelope": "^1.0.2", "@wharfkit/signing-request": "^3.1.0", "pako": "^2.0.4", "tslib": "^2.1.0" } }, "sha512-yOsYz2qQpQy7Nb8XZj62pZqp8YnmWDqFlrenYksBb9jl+1aWIpFhWd+14VEez4tUAezRH4UWW+w1SX5vhmUY9A=="],

    "@wharfkit/antelope": ["@wharfkit/antelope@1.1.1", "", { "dependencies": { "bn.js": "^4.11.9", "brorand": "^1.1.0", "elliptic": "^6.5.4", "hash.js": "^1.0.0", "pako": "^2.1.0", "tslib": "^2.0.3" } }, "sha512-zOetZJG0T4/WRCIC8Ui2DGv+RxrSkdXOq/q8sUqUcuKei+aJo4/9Xk37VULPt2qe0NpTm93ajYV9cYdD9m5Fgg=="],

    "@wharfkit/contract": ["@wharfkit/contract@1.2.1", "", { "dependencies": { "@wharfkit/abicache": "^1.2.0", "@wharfkit/antelope": "^1.0.4", "@wharfkit/signing-request": "^3.1.0", "tslib": "^2.1.0" } }, "sha512-3UhCtDYCyapfM2nRTrslcbvko864d4MOpxRAz7TR/ZUbRAgZsxhYLFLEv1v23/SU+vsFzAHNBmvzkLEG0OLaHQ=="],

    "@wharfkit/signing-request": ["@wharfkit/signing-request@3.4.0", "", { "dependencies": { "@wharfkit/antelope": "^1.1.1", "tslib": "^2.0.3" } }, "sha512-WstXfmR9i5pKaYXDUwNFNCgBIvN6u5IRGWSfj5O3XzthbtJUmRoJNtjGMaNnUqZ1MMx5YY4/JpY3b2e6LbpXLw=="],

    "bn.js": ["bn.js@4.12.2", "", {}, "sha512-n4DSx829VRTRByMRGdjQ9iqsN0Bh4OolPsFnaZBLcbi8iXcB+kJ9s7EnRt4wILZNV3kPLHkRVfOc/HvhC3ovDw=="],

    "brorand": ["brorand@1.1.0", "", {}, "sha512-cKV8tMCEpQs4hK/ik71d6LrPOnpkpGBR0wzxqr68g2m/LB2GxVYQroAjMJZRVM1Y4BCjCKc3vAamxSzOY2RP+w=="],

    "bun-types": ["bun-types@1.3.5", "", { "dependencies": { "@types/node": "*" } }, "sha512-inmAYe2PFLs0SUbFOWSVD24sg1jFlMPxOjOSSCYqUgn4Hsc3rDc7dFvfVYjFPNHtov6kgUeulV4SxbuIV/stPw=="],

    "elliptic": ["elliptic@6.6.1", "", { "dependencies": { "bn.js": "^4.11.9", "brorand": "^1.1.0", "hash.js": "^1.0.0", "hmac-drbg": "^1.0.1", "inherits": "^2.0.4", "minimalistic-assert": "^1.0.1", "minimalistic-crypto-utils": "^1.0.1" } }, "sha512-RaddvvMatK2LJHqFJ+YA4WysVN5Ita9E35botqIYspQ4TkRAlCicdzKOjlyv/1Za5RyTNn7di//eEV0uTAfe3g=="],

    "hash.js": ["hash.js@1.1.7", "", { "dependencies": { "inherits": "^2.0.3", "minimalistic-assert": "^1.0.1" } }, "sha512-taOaskGt4z4SOANNseOviYDvjEJinIkRgmp7LbKP2YTTmVxWBl87s/uzK9r+44BclBSp2X7K1hqeNfz9JbBeXA=="],

    "hmac-drbg": ["hmac-drbg@1.0.1", "", { "dependencies": { "hash.js": "^1.0.3", "minimalistic-assert": "^1.0.0", "minimalistic-crypto-utils": "^1.0.1" } }, "sha512-Tti3gMqLdZfhOQY1Mzf/AanLiqh1WTiJgEj26ZuYQ9fbkLomzGchCws4FyrSd4VkpBfiNhaE1On+lOz894jvXg=="],

    "inherits": ["inherits@2.0.4", "", {}, "sha512-k/vGaX4/Yla3WzyMCvTQOXYeIHvqOKtnqBduzTHpzpQZzAskKMhZ2K+EnBiSM9zGSoIFeMpXKxa4dYeZIQqewQ=="],

    "minimalistic-assert": ["minimalistic-assert@1.0.1", "", {}, "sha512-UtJcAD4yEaGtjPezWuO9wC4nwUnVH/8/Im3yEHQP4b67cXlD/Qr9hdITCU1xDbSEXg2XKNaP8jsReV7vQd00/A=="],

    "minimalistic-crypto-utils": ["minimalistic-crypto-utils@1.0.1", "", {}, "sha512-JIYlbt6g8i5jKfJ3xz7rF0LXmv2TkDxBLUkiBeZ7bAx4GnnNMr8xFpGnOxn6GhTEHx3SjRrZEoU+j04prX1ktg=="],

    "pako": ["pako@2.1.0", "", {}, "sha512-w+eufiZ1WuJYgPXbV/PO3NCMEc3xqylkKHzp8bxp1uW4qaSNQUkwmLLEc3kKsfz8lpV1F8Ht3U1Cm+9Srog2ug=="],

    "tslib": ["tslib@2.8.1", "", {}, "sha512-oJFu94HQb+KVduSUQL7wnpmqnfmLsOA/nAh6b6EH0wCEoK0/mPeXU6c3wKDV83MkOuHPRHtSXKKU99IBazS/2w=="],

    "typescript": ["typescript@5.9.3", "", { "bin": { "tsc": "bin/tsc", "tsserver": "bin/tsserver" } }, "sha512-jl1vZzPDinLr9eUt3J/t7V6FgNEw9QjvBPdysz9KfQDD41fQrC2Y4vKQdiaUpFT4bXlb1RHhLpp8wtm6M5TgSw=="],

    "undici-types": ["undici-types@7.16.0", "", {}, "sha512-Zz+aZWSj8LE6zoxD+xrjh4VfkIG8Ya6LvYkZqtUQGJPZjYl53ypCaUwWqo7eI0x66KBGeRo+mlBEkMSeSZ38Nw=="],
  }
}
